
Microsoft Visual Studio Solution File, Format Version 12.00
# Visual Studio Version 17
VisualStudioVersion = 17.7.34031.279
MinimumVisualStudioVersion = 10.0.40219.1
Project("{FAE04EC0-301F-11D3-BF4B-00C04F79EFBC}") = "WEB-TALLER", "WEB-TALLER\WEB-TALLER.csproj", "{3CF1B1F1-5A61-46BD-A819-4E19BAD1F1B1}"
EndProject
Global
	GlobalSection(SolutionConfigurationPlatforms) = preSolution
		Debug|Any CPU = Debug|Any CPU
		Release|Any CPU = Release|Any CPU
	EndGlobalSection
	GlobalSection(ProjectConfigurationPlatforms) = postSolution
		{3CF1B1F1-5A61-46BD-A819-4E19BAD1F1B1}.Debug|Any CPU.ActiveCfg = Debug|Any CPU
		{3CF1B1F1-5A61-46BD-A819-4E19BAD1F1B1}.Debug|Any CPU.Build.0 = Debug|Any CPU
		{3CF1B1F1-5A61-46BD-A819-4E19BAD1F1B1}.Release|Any CPU.ActiveCfg = Release|Any CPU
		{3CF1B1F1-5A61-46BD-A819-4E19BAD1F1B1}.Release|Any CPU.Build.0 = Release|Any CPU
	EndGlobalSection
	GlobalSection(SolutionProperties) = preSolution
		HideSolutionNode = FALSE
	EndGlobalSection
	GlobalSection(ExtensibilityGlobals) = postSolution
		SolutionGuid = {E5F2590B-85E7-4C93-B2A7-A942EC201E8A}
	EndGlobalSection
EndGlobal
